
Microsoft Visual Studio Solution File, Format Version 12.00
# Visual Studio Version 16
VisualStudioVersion = 16.0.29509.3
MinimumVisualStudioVersion = 10.0.40219.1
Project("{FAE04EC0-301F-11D3-BF4B-00C04F79EFBC}") = "XFWebViewInteropDemo.UWP", "XFWebViewInteropDemo.UWP\XFWebViewInteropDemo.UWP.csproj", "{DA29E160-3284-43A8-9F8A-118EA5A84D07}"
EndProject
Project("{FAE04EC0-301F-11D3-BF4B-00C04F79EFBC}") = "XFWebViewInteropDemo.Android", "XFWebViewInteropDemo.Android\XFWebViewInteropDemo.Android.csproj", "{ACED4C2C-A413-46B5-B32F-F2285D56A471}"
EndProject
Project("{FAE04EC0-301F-11D3-BF4B-00C04F79EFBC}") = "XFWebViewInteropDemo.iOS", "XFWebViewInteropDemo.iOS\XFWebViewInteropDemo.iOS.csproj", "{EEA8B41F-3DE8-4A5F-A509-897883623D86}"
EndProject
Project("{FAE04EC0-301F-11D3-BF4B-00C04F79EFBC}") = "XFWebViewInteropDemo", "XFWebViewInteropDemo\XFWebViewInteropDemo.csproj", "{7CD45A40-C149-4DD5-B43F-89D6421395B2}"
EndProject
Global
	GlobalSection(SolutionConfigurationPlatforms) = preSolution
		Debug|Any CPU = Debug|Any CPU
		Debug|ARM = Debug|ARM
		Debug|iPhone = Debug|iPhone
		Debug|iPhoneSimulator = Debug|iPhoneSimulator
		Debug|x64 = Debug|x64
		Debug|x86 = Debug|x86
		Release|Any CPU = Release|Any CPU
		Release|ARM = Release|ARM
		Release|iPhone = Release|iPhone
		Release|iPhoneSimulator = Release|iPhoneSimulator
		Release|x64 = Release|x64
		Release|x86 = Release|x86
	EndGlobalSection
	GlobalSection(ProjectConfigurationPlatforms) = postSolution
		{DA29E160-3284-43A8-9F8A-118EA5A84D07}.Debug|Any CPU.ActiveCfg = Debug|x86
		{DA29E160-3284-43A8-9F8A-118EA5A84D07}.Debug|Any CPU.Build.0 = Debug|x86
		{DA29E160-3284-43A8-9F8A-118EA5A84D07}.Debug|Any CPU.Deploy.0 = Debug|x86
		{DA29E160-3284-43A8-9F8A-118EA5A84D07}.Debug|ARM.ActiveCfg = Debug|ARM
		{DA29E160-3284-43A8-9F8A-118EA5A84D07}.Debug|ARM.Build.0 = Debug|ARM
		{DA29E160-3284-43A8-9F8A-118EA5A84D07}.Debug|ARM.Deploy.0 = Debug|ARM
		{DA29E160-3284-43A8-9F8A-118EA5A84D07}.Debug|iPhone.ActiveCfg = Debug|x86
		{DA29E160-3284-43A8-9F8A-118EA5A84D07}.Debug|iPhone.Build.0 = Debug|x86
		{DA29E160-3284-43A8-9F8A-118EA5A84D07}.Debug|iPhone.Deploy.0 = Debug|x86
		{DA29E160-3284-43A8-9F8A-118EA5A84D07}.Debug|iPhoneSimulator.ActiveCfg = Debug|x86
		{DA29E160-3284-43A8-9F8A-118EA5A84D07}.Debug|iPhoneSimulator.Build.0 = Debug|x86
		{DA29E160-3284-43A8-9F8A-118EA5A84D07}.Debug|iPhoneSimulator.Deploy.0 = Debug|x86
		{DA29E160-3284-43A8-9F8A-118EA5A84D07}.Debug|x64.ActiveCfg = Debug|x64
		{DA29E160-3284-43A8-9F8A-118EA5A84D07}.Debug|x64.Build.0 = Debug|x64
		{DA29E160-3284-43A8-9F8A-118EA5A84D07}.Debug|x64.Deploy.0 = Debug|x64
		{DA29E160-3284-43A8-9F8A-118EA5A84D07}.Debug|x86.ActiveCfg = Debug|x86
		{DA29E160-3284-43A8-9F8A-118EA5A84D07}.Debug|x86.Build.0 = Debug|x86
		{DA29E160-3284-43A8-9F8A-118EA5A84D07}.Debug|x86.Deploy.0 = Debug|x86
		{DA29E160-3284-43A8-9F8A-118EA5A84D07}.Release|Any CPU.ActiveCfg = Release|x86
		{DA29E160-3284-43A8-9F8A-118EA5A84D07}.Release|Any CPU.Build.0 = Release|x86
		{DA29E160-3284-43A8-9F8A-118EA5A84D07}.Release|Any CPU.Deploy.0 = Release|x86
		{DA29E160-3284-43A8-9F8A-118EA5A84D07}.Release|ARM.ActiveCfg = Release|ARM
		{DA29E160-3284-43A8-9F8A-118EA5A84D07}.Release|ARM.Build.0 = Release|ARM
		{DA29E160-3284-43A8-9F8A-118EA5A84D07}.Release|ARM.Deploy.0 = Release|ARM
		{DA29E160-3284-43A8-9F8A-118EA5A84D07}.Release|iPhone.ActiveCfg = Release|x86
		{DA29E160-3284-43A8-9F8A-118EA5A84D07}.Release|iPhone.Build.0 = Release|x86
		{DA29E160-3284-43A8-9F8A-118EA5A84D07}.Release|iPhone.Deploy.0 = Release|x86
		{DA29E160-3284-43A8-9F8A-118EA5A84D07}.Release|iPhoneSimulator.ActiveCfg = Release|x86
		{DA29E160-3284-43A8-9F8A-118EA5A84D07}.Release|iPhoneSimulator.Build.0 = Release|x86
		{DA29E160-3284-43A8-9F8A-118EA5A84D07}.Release|iPhoneSimulator.Deploy.0 = Release|x86
		{DA29E160-3284-43A8-9F8A-118EA5A84D07}.Release|x64.ActiveCfg = Release|x64
		{DA29E160-3284-43A8-9F8A-118EA5A84D07}.Release|x64.Build.0 = Release|x64
		{DA29E160-3284-43A8-9F8A-118EA5A84D07}.Release|x64.Deploy.0 = Release|x64
		{DA29E160-3284-43A8-9F8A-118EA5A84D07}.Release|x86.ActiveCfg = Release|x86
		{DA29E160-3284-43A8-9F8A-118EA5A84D07}.Release|x86.Build.0 = Release|x86
		{DA29E160-3284-43A8-9F8A-118EA5A84D07}.Release|x86.Deploy.0 = Release|x86
		{ACED4C2C-A413-46B5-B32F-F2285D56A471}.Debug|Any CPU.ActiveCfg = Debug|Any CPU
		{ACED4C2C-A413-46B5-B32F-F2285D56A471}.Debug|Any CPU.Build.0 = Debug|Any CPU
		{ACED4C2C-A413-46B5-B32F-F2285D56A471}.Debug|Any CPU.Deploy.0 = Debug|Any CPU
		{ACED4C2C-A413-46B5-B32F-F2285D56A471}.Debug|ARM.ActiveCfg = Debug|Any CPU
		{ACED4C2C-A413-46B5-B32F-F2285D56A471}.Debug|ARM.Build.0 = Debug|Any CPU
		{ACED4C2C-A413-46B5-B32F-F2285D56A471}.Debug|ARM.Deploy.0 = Debug|Any CPU
		{ACED4C2C-A413-46B5-B32F-F2285D56A471}.Debug|iPhone.ActiveCfg = Debug|Any CPU
		{ACED4C2C-A413-46B5-B32F-F2285D56A471}.Debug|iPhone.Build.0 = Debug|Any CPU
		{ACED4C2C-A413-46B5-B32F-F2285D56A471}.Debug|iPhone.Deploy.0 = Debug|Any CPU
		{ACED4C2C-A413-46B5-B32F-F2285D56A471}.Debug|iPhoneSimulator.ActiveCfg = Debug|Any CPU
		{ACED4C2C-A413-46B5-B32F-F2285D56A471}.Debug|iPhoneSimulator.Build.0 = Debug|Any CPU
		{ACED4C2C-A413-46B5-B32F-F2285D56A471}.Debug|iPhoneSimulator.Deploy.0 = Debug|Any CPU
		{ACED4C2C-A413-46B5-B32F-F2285D56A471}.Debug|x64.ActiveCfg = Debug|Any CPU
		{ACED4C2C-A413-46B5-B32F-F2285D56A471}.Debug|x64.Build.0 = Debug|Any CPU
		{ACED4C2C-A413-46B5-B32F-F2285D56A471}.Debug|x64.Deploy.0 = Debug|Any CPU
		{ACED4C2C-A413-46B5-B32F-F2285D56A471}.Debug|x86.ActiveCfg = Debug|Any CPU
		{ACED4C2C-A413-46B5-B32F-F2285D56A471}.Debug|x86.Build.0 = Debug|Any CPU
		{ACED4C2C-A413-46B5-B32F-F2285D56A471}.Debug|x86.Deploy.0 = Debug|Any CPU
		{ACED4C2C-A413-46B5-B32F-F2285D56A471}.Release|Any CPU.ActiveCfg = Release|Any CPU
		{ACED4C2C-A413-46B5-B32F-F2285D56A471}.Release|Any CPU.Build.0 = Release|Any CPU
		{ACED4C2C-A413-46B5-B32F-F2285D56A471}.Release|Any CPU.Deploy.0 = Release|Any CPU
		{ACED4C2C-A413-46B5-B32F-F2285D56A471}.Release|ARM.ActiveCfg = Release|Any CPU
		{ACED4C2C-A413-46B5-B32F-F2285D56A471}.Release|ARM.Build.0 = Release|Any CPU
		{ACED4C2C-A413-46B5-B32F-F2285D56A471}.Release|ARM.Deploy.0 = Release|Any CPU
		{ACED4C2C-A413-46B5-B32F-F2285D56A471}.Release|iPhone.ActiveCfg = Release|Any CPU
		{ACED4C2C-A413-46B5-B32F-F2285D56A471}.Release|iPhone.Build.0 = Release|Any CPU
		{ACED4C2C-A413-46B5-B32F-F2285D56A471}.Release|iPhone.Deploy.0 = Release|Any CPU
		{ACED4C2C-A413-46B5-B32F-F2285D56A471}.Release|iPhoneSimulator.ActiveCfg = Release|Any CPU
		{ACED4C2C-A413-46B5-B32F-F2285D56A471}.Release|iPhoneSimulator.Build.0 = Release|Any CPU
		{ACED4C2C-A413-46B5-B32F-F2285D56A471}.Release|iPhoneSimulator.Deploy.0 = Release|Any CPU
		{ACED4C2C-A413-46B5-B32F-F2285D56A471}.Release|x64.ActiveCfg = Release|Any CPU
		{ACED4C2C-A413-46B5-B32F-F2285D56A471}.Release|x64.Build.0 = Release|Any CPU
		{ACED4C2C-A413-46B5-B32F-F2285D56A471}.Release|x64.Deploy.0 = Release|Any CPU
		{ACED4C2C-A413-46B5-B32F-F2285D56A471}.Release|x86.ActiveCfg = Release|Any CPU
		{ACED4C2C-A413-46B5-B32F-F2285D56A471}.Release|x86.Build.0 = Release|Any CPU
		{ACED4C2C-A413-46B5-B32F-F2285D56A471}.Release|x86.Deploy.0 = Release|Any CPU
		{EEA8B41F-3DE8-4A5F-A509-897883623D86}.Debug|Any CPU.ActiveCfg = Debug|iPhone
		{EEA8B41F-3DE8-4A5F-A509-897883623D86}.Debug|Any CPU.Build.0 = Debug|iPhone
		{EEA8B41F-3DE8-4A5F-A509-897883623D86}.Debug|Any CPU.Deploy.0 = Debug|iPhone
		{EEA8B41F-3DE8-4A5F-A509-897883623D86}.Debug|ARM.ActiveCfg = Debug|iPhoneSimulator
		{EEA8B41F-3DE8-4A5F-A509-897883623D86}.Debug|ARM.Build.0 = Debug|iPhoneSimulator
		{EEA8B41F-3DE8-4A5F-A509-897883623D86}.Debug|ARM.Deploy.0 = Debug|iPhoneSimulator
		{EEA8B41F-3DE8-4A5F-A509-897883623D86}.Debug|iPhone.ActiveCfg = Debug|iPhone
		{EEA8B41F-3DE8-4A5F-A509-897883623D86}.Debug|iPhone.Build.0 = Debug|iPhone
		{EEA8B41F-3DE8-4A5F-A509-897883623D86}.Debug|iPhone.Deploy.0 = Debug|iPhone
		{EEA8B41F-3DE8-4A5F-A509-897883623D86}.Debug|iPhoneSimulator.ActiveCfg = Debug|iPhoneSimulator
		{EEA8B41F-3DE8-4A5F-A509-897883623D86}.Debug|iPhoneSimulator.Build.0 = Debug|iPhoneSimulator
		{EEA8B41F-3DE8-4A5F-A509-897883623D86}.Debug|iPhoneSimulator.Deploy.0 = Debug|iPhoneSimulator
		{EEA8B41F-3DE8-4A5F-A509-897883623D86}.Debug|x64.ActiveCfg = Debug|iPhone
		{EEA8B41F-3DE8-4A5F-A509-897883623D86}.Debug|x64.Build.0 = Debug|iPhone
		{EEA8B41F-3DE8-4A5F-A509-897883623D86}.Debug|x64.Deploy.0 = Debug|iPhone
		{EEA8B41F-3DE8-4A5F-A509-897883623D86}.Debug|x86.ActiveCfg = Debug|iPhone
		{EEA8B41F-3DE8-4A5F-A509-897883623D86}.Debug|x86.Build.0 = Debug|iPhone
		{EEA8B41F-3DE8-4A5F-A509-897883623D86}.Debug|x86.Deploy.0 = Debug|iPhone
		{EEA8B41F-3DE8-4A5F-A509-897883623D86}.Release|Any CPU.ActiveCfg = Release|iPhone
		{EEA8B41F-3DE8-4A5F-A509-897883623D86}.Release|Any CPU.Build.0 = Release|iPhone
		{EEA8B41F-3DE8-4A5F-A509-897883623D86}.Release|Any CPU.Deploy.0 = Release|iPhone
		{EEA8B41F-3DE8-4A5F-A509-897883623D86}.Release|ARM.ActiveCfg = Release|iPhone
		{EEA8B41F-3DE8-4A5F-A509-897883623D86}.Release|ARM.Build.0 = Release|iPhone
		{EEA8B41F-3DE8-4A5F-A509-897883623D86}.Release|ARM.Deploy.0 = Release|iPhone
		{EEA8B41F-3DE8-4A5F-A509-897883623D86}.Release|iPhone.ActiveCfg = Release|iPhone
		{EEA8B41F-3DE8-4A5F-A509-897883623D86}.Release|iPhone.Build.0 = Release|iPhone
		{EEA8B41F-3DE8-4A5F-A509-897883623D86}.Release|iPhone.Deploy.0 = Release|iPhone
		{EEA8B41F-3DE8-4A5F-A509-897883623D86}.Release|iPhoneSimulator.ActiveCfg = Release|iPhoneSimulator
		{EEA8B41F-3DE8-4A5F-A509-897883623D86}.Release|iPhoneSimulator.Build.0 = Release|iPhoneSimulator
		{EEA8B41F-3DE8-4A5F-A509-897883623D86}.Release|iPhoneSimulator.Deploy.0 = Release|iPhoneSimulator
		{EEA8B41F-3DE8-4A5F-A509-897883623D86}.Release|x64.ActiveCfg = Release|iPhone
		{EEA8B41F-3DE8-4A5F-A509-897883623D86}.Release|x64.Build.0 = Release|iPhone
		{EEA8B41F-3DE8-4A5F-A509-897883623D86}.Release|x64.Deploy.0 = Release|iPhone
		{EEA8B41F-3DE8-4A5F-A509-897883623D86}.Release|x86.ActiveCfg = Release|iPhone
		{EEA8B41F-3DE8-4A5F-A509-897883623D86}.Release|x86.Build.0 = Release|iPhone
		{EEA8B41F-3DE8-4A5F-A509-897883623D86}.Release|x86.Deploy.0 = Release|iPhone
		{7CD45A40-C149-4DD5-B43F-89D6421395B2}.Debug|Any CPU.ActiveCfg = Debug|Any CPU
		{7CD45A40-C149-4DD5-B43F-89D6421395B2}.Debug|Any CPU.Build.0 = Debug|Any CPU
		{7CD45A40-C149-4DD5-B43F-89D6421395B2}.Debug|Any CPU.Deploy.0 = Debug|Any CPU
		{7CD45A40-C149-4DD5-B43F-89D6421395B2}.Debug|ARM.ActiveCfg = Debug|Any CPU
		{7CD45A40-C149-4DD5-B43F-89D6421395B2}.Debug|ARM.Build.0 = Debug|Any CPU
		{7CD45A40-C149-4DD5-B43F-89D6421395B2}.Debug|ARM.Deploy.0 = Debug|Any CPU
		{7CD45A40-C149-4DD5-B43F-89D6421395B2}.Debug|iPhone.ActiveCfg = Debug|Any CPU
		{7CD45A40-C149-4DD5-B43F-89D6421395B2}.Debug|iPhone.Build.0 = Debug|Any CPU
		{7CD45A40-C149-4DD5-B43F-89D6421395B2}.Debug|iPhone.Deploy.0 = Debug|Any CPU
		{7CD45A40-C149-4DD5-B43F-89D6421395B2}.Debug|iPhoneSimulator.ActiveCfg = Debug|Any CPU
		{7CD45A40-C149-4DD5-B43F-89D6421395B2}.Debug|iPhoneSimulator.Build.0 = Debug|Any CPU
		{7CD45A40-C149-4DD5-B43F-89D6421395B2}.Debug|iPhoneSimulator.Deploy.0 = Debug|Any CPU
		{7CD45A40-C149-4DD5-B43F-89D6421395B2}.Debug|x64.ActiveCfg = Debug|Any CPU
		{7CD45A40-C149-4DD5-B43F-89D6421395B2}.Debug|x64.Build.0 = Debug|Any CPU
		{7CD45A40-C149-4DD5-B43F-89D6421395B2}.Debug|x64.Deploy.0 = Debug|Any CPU
		{7CD45A40-C149-4DD5-B43F-89D6421395B2}.Debug|x86.ActiveCfg = Debug|Any CPU
		{7CD45A40-C149-4DD5-B43F-89D6421395B2}.Debug|x86.Build.0 = Debug|Any CPU
		{7CD45A40-C149-4DD5-B43F-89D6421395B2}.Debug|x86.Deploy.0 = Debug|Any CPU
		{7CD45A40-C149-4DD5-B43F-89D6421395B2}.Release|Any CPU.ActiveCfg = Release|Any CPU
		{7CD45A40-C149-4DD5-B43F-89D6421395B2}.Release|Any CPU.Build.0 = Release|Any CPU
		{7CD45A40-C149-4DD5-B43F-89D6421395B2}.Release|Any CPU.Deploy.0 = Release|Any CPU
		{7CD45A40-C149-4DD5-B43F-89D6421395B2}.Release|ARM.ActiveCfg = Release|Any CPU
		{7CD45A40-C149-4DD5-B43F-89D6421395B2}.Release|ARM.Build.0 = Release|Any CPU
		{7CD45A40-C149-4DD5-B43F-89D6421395B2}.Release|ARM.Deploy.0 = Release|Any CPU
		{7CD45A40-C149-4DD5-B43F-89D6421395B2}.Release|iPhone.ActiveCfg = Release|Any CPU
		{7CD45A40-C149-4DD5-B43F-89D6421395B2}.Release|iPhone.Build.0 = Release|Any CPU
		{7CD45A40-C149-4DD5-B43F-89D6421395B2}.Release|iPhone.Deploy.0 = Release|Any CPU
		{7CD45A40-C149-4DD5-B43F-89D6421395B2}.Release|iPhoneSimulator.ActiveCfg = Release|Any CPU
		{7CD45A40-C149-4DD5-B43F-89D6421395B2}.Release|iPhoneSimulator.Build.0 = Release|Any CPU
		{7CD45A40-C149-4DD5-B43F-89D6421395B2}.Release|iPhoneSimulator.Deploy.0 = Release|Any CPU
		{7CD45A40-C149-4DD5-B43F-89D6421395B2}.Release|x64.ActiveCfg = Release|Any CPU
		{7CD45A40-C149-4DD5-B43F-89D6421395B2}.Release|x64.Build.0 = Release|Any CPU
		{7CD45A40-C149-4DD5-B43F-89D6421395B2}.Release|x64.Deploy.0 = Release|Any CPU
		{7CD45A40-C149-4DD5-B43F-89D6421395B2}.Release|x86.ActiveCfg = Release|Any CPU
		{7CD45A40-C149-4DD5-B43F-89D6421395B2}.Release|x86.Build.0 = Release|Any CPU
		{7CD45A40-C149-4DD5-B43F-89D6421395B2}.Release|x86.Deploy.0 = Release|Any CPU
	EndGlobalSection
	GlobalSection(SolutionProperties) = preSolution
		HideSolutionNode = FALSE
	EndGlobalSection
	GlobalSection(ExtensibilityGlobals) = postSolution
		SolutionGuid = {E248A99B-B7C7-4752-A8D9-C276590ED59D}
	EndGlobalSection
EndGlobal
